
Microsoft Visual Studio Solution File, Format Version 12.00
# Visual Studio Version 16
VisualStudioVersion = 16.0.808.4
MinimumVisualStudioVersion = 10.0.40219.1
Project("{FAE04EC0-301F-11D3-BF4B-00C04F79EFBC}") = "BethanysPieShop", "BethanysPieShop\BethanysPieShop.csproj", "{4FA1E5C9-6B37-44F6-AD39-F446B15C93B7}"
EndProject
Project("{FAE04EC0-301F-11D3-BF4B-00C04F79EFBC}") = "BethanysPieShopTests", "BethanysPieShopTests\BethanysPieShopTests.csproj", "{5A56C62E-845F-46B6-ADED-9A2763D5BA8D}"
EndProject
Global
	GlobalSection(SolutionConfigurationPlatforms) = preSolution
		Debug|Any CPU = Debug|Any CPU
		Release|Any CPU = Release|Any CPU
	EndGlobalSection
	GlobalSection(ProjectConfigurationPlatforms) = postSolution
		{4FA1E5C9-6B37-44F6-AD39-F446B15C93B7}.Debug|Any CPU.ActiveCfg = Debug|Any CPU
		{4FA1E5C9-6B37-44F6-AD39-F446B15C93B7}.Debug|Any CPU.Build.0 = Debug|Any CPU
		{4FA1E5C9-6B37-44F6-AD39-F446B15C93B7}.Release|Any CPU.ActiveCfg = Release|Any CPU
		{4FA1E5C9-6B37-44F6-AD39-F446B15C93B7}.Release|Any CPU.Build.0 = Release|Any CPU
		{5A56C62E-845F-46B6-ADED-9A2763D5BA8D}.Debug|Any CPU.ActiveCfg = Debug|Any CPU
		{5A56C62E-845F-46B6-ADED-9A2763D5BA8D}.Debug|Any CPU.Build.0 = Debug|Any CPU
		{5A56C62E-845F-46B6-ADED-9A2763D5BA8D}.Release|Any CPU.ActiveCfg = Release|Any CPU
		{5A56C62E-845F-46B6-ADED-9A2763D5BA8D}.Release|Any CPU.Build.0 = Release|Any CPU
	EndGlobalSection
	GlobalSection(SolutionProperties) = preSolution
		HideSolutionNode = FALSE
	EndGlobalSection
	GlobalSection(ExtensibilityGlobals) = postSolution
		SolutionGuid = {F9B81F20-746F-4D70-A2DB-2813E1EDA742}
	EndGlobalSection
EndGlobal
